
Microsoft Visual Studio Solution File, Format Version 12.00
# Visual Studio Version 17
VisualStudioVersion = 17.2.32616.157
MinimumVisualStudioVersion = 10.0.40219.1
Project("{FAE04EC0-301F-11D3-BF4B-00C04F79EFBC}") = "NEDAP_vanLeussen", "NEDAP_vanLeussen\NEDAP_vanLeussen.csproj", "{D10D9E46-2851-4585-9E8A-AF6C35B12C79}"
EndProject
Global
	GlobalSection(SolutionConfigurationPlatforms) = preSolution
		Debug|Any CPU = Debug|Any CPU
		Release|Any CPU = Release|Any CPU
	EndGlobalSection
	GlobalSection(ProjectConfigurationPlatforms) = postSolution
		{D10D9E46-2851-4585-9E8A-AF6C35B12C79}.Debug|Any CPU.ActiveCfg = Debug|Any CPU
		{D10D9E46-2851-4585-9E8A-AF6C35B12C79}.Debug|Any CPU.Build.0 = Debug|Any CPU
		{D10D9E46-2851-4585-9E8A-AF6C35B12C79}.Release|Any CPU.ActiveCfg = Release|Any CPU
		{D10D9E46-2851-4585-9E8A-AF6C35B12C79}.Release|Any CPU.Build.0 = Release|Any CPU
	EndGlobalSection
	GlobalSection(SolutionProperties) = preSolution
		HideSolutionNode = FALSE
	EndGlobalSection
	GlobalSection(ExtensibilityGlobals) = postSolution
		SolutionGuid = {7191EE50-88B4-4B99-B20C-E45884F78EBB}
	EndGlobalSection
EndGlobal
